{
  "requires": true,
  "lockfileVersion": 1,
  "dependencies": {
    "@ckeditor/ckeditor5-build-classic": {
      "version": "22.0.0",
      "resolved": "https://registry.npmjs.org/@ckeditor/ckeditor5-build-classic/-/ckeditor5-build-classic-22.0.0.tgz",
      "integrity": "sha512-Vcy7vqSDv1xH6ACi2RW25+wIEEKrzEYb+dpgL/yTfhqv0wlswl4tn1VOfEbzGNrgQCio3djxkF813be29IfmWA=="
    },
    "@ckeditor/ckeditor5-vue": {
      "version": "1.0.2",
      "resolved": "https://registry.npmjs.org/@ckeditor/ckeditor5-vue/-/ckeditor5-vue-1.0.2.tgz",
      "integrity": "sha512-rKQCNtYb8T2pjv6f+ZSrKGe+UUrgnABUfyNv8pzUOCDz5Eg8FUopIqkAQBr6iVmaP3MfUQKlPQ760G9jtlP47Q=="
    }
  }
}
